
Microsoft Visual Studio Solution File, Format Version 12.00
# Visual Studio Version 17
VisualStudioVersion = 17.5.002.0
MinimumVisualStudioVersion = 10.0.40219.1
Project("{9A19103F-16F7-4668-BE54-9A1E7A4F7556}") = "Board.Common.Service", "Board.Common.Service.csproj", "{178DE84D-5B34-4861-9BC9-B694F4662905}"
EndProject
Global
	GlobalSection(SolutionConfigurationPlatforms) = preSolution
		Debug|Any CPU = Debug|Any CPU
		Release|Any CPU = Release|Any CPU
	EndGlobalSection
	GlobalSection(ProjectConfigurationPlatforms) = postSolution
		{178DE84D-5B34-4861-9BC9-B694F4662905}.Debug|Any CPU.ActiveCfg = Debug|Any CPU
		{178DE84D-5B34-4861-9BC9-B694F4662905}.Debug|Any CPU.Build.0 = Debug|Any CPU
		{178DE84D-5B34-4861-9BC9-B694F4662905}.Release|Any CPU.ActiveCfg = Release|Any CPU
		{178DE84D-5B34-4861-9BC9-B694F4662905}.Release|Any CPU.Build.0 = Release|Any CPU
	EndGlobalSection
	GlobalSection(SolutionProperties) = preSolution
		HideSolutionNode = FALSE
	EndGlobalSection
	GlobalSection(ExtensibilityGlobals) = postSolution
		SolutionGuid = {D0D4E6A2-6F16-43D5-9A29-C54FFAF95637}
	EndGlobalSection
EndGlobal
